
Microsoft Visual Studio Solution File, Format Version 12.00
# Visual Studio Version 16
VisualStudioVersion = 16.0.29519.87
MinimumVisualStudioVersion = 10.0.40219.1
Project("{FAE04EC0-301F-11D3-BF4B-00C04F79EFBC}") = "WEB", "WEB\WEB.csproj", "{450F383D-332F-4D44-97D9-C9D433A50401}"
EndProject
Global
	GlobalSection(SolutionConfigurationPlatforms) = preSolution
		Debug|Any CPU = Debug|Any CPU
		Release|Any CPU = Release|Any CPU
	EndGlobalSection
	GlobalSection(ProjectConfigurationPlatforms) = postSolution
		{450F383D-332F-4D44-97D9-C9D433A50401}.Debug|Any CPU.ActiveCfg = Debug|Any CPU
		{450F383D-332F-4D44-97D9-C9D433A50401}.Debug|Any CPU.Build.0 = Debug|Any CPU
		{450F383D-332F-4D44-97D9-C9D433A50401}.Release|Any CPU.ActiveCfg = Release|Any CPU
		{450F383D-332F-4D44-97D9-C9D433A50401}.Release|Any CPU.Build.0 = Release|Any CPU
	EndGlobalSection
	GlobalSection(SolutionProperties) = preSolution
		HideSolutionNode = FALSE
	EndGlobalSection
	GlobalSection(ExtensibilityGlobals) = postSolution
		SolutionGuid = {C2494DC2-2732-452E-90DA-8422EF4CD036}
	EndGlobalSection
EndGlobal
